
Microsoft Visual Studio Solution File, Format Version 12.00
# Visual Studio 2012
Project("{FAE04EC0-301F-11D3-BF4B-00C04F79EFBC}") = "GetTheMilk", "GetTheMilk\GetTheMilk.csproj", "{0F1B4894-F8A9-41F9-861E-3F3F14D87D8F}"
EndProject
Project("{2150E333-8FDC-42A3-9474-1A3956D46DE8}") = "Lib", "Lib", "{5A5CF566-DCE3-4BA9-90AA-2546766606DC}"
	ProjectSection(SolutionItems) = preProject
		Lib\Castle.Core.dll = Lib\Castle.Core.dll
		Lib\Castle.Core.xml = Lib\Castle.Core.xml
		Lib\Castle.Windsor.dll = Lib\Castle.Windsor.dll
		Lib\Castle.Windsor.xml = Lib\Castle.Windsor.xml
		Lib\log4net.dll = Lib\log4net.dll
		Lib\log4net.xml = Lib\log4net.xml
		Lib\MonoCross.Console.dll = Lib\MonoCross.Console.dll
		Lib\MonoCross.Navigation.dll = Lib\MonoCross.Navigation.dll
		Lib\Newtonsoft.Json.dll = Lib\Newtonsoft.Json.dll
		Lib\Sciendo.Common.dll = Lib\Sciendo.Common.dll
		Lib\Sciendo.Common.pdb = Lib\Sciendo.Common.pdb
	EndProjectSection
EndProject
Project("{FAE04EC0-301F-11D3-BF4B-00C04F79EFBC}") = "GetTheMilkTests", "GetTheMilkTests\GetTheMilkTests.csproj", "{2B62DB98-8AA2-49D4-B20B-BC2DB8000F5D}"
EndProject
Project("{FAE04EC0-301F-11D3-BF4B-00C04F79EFBC}") = "GetTheMilk.UI.Console", "GetTheMilk.UI.Console\GetTheMilk.UI.Console.csproj", "{4D003248-6811-4FF6-925B-204625E71314}"
EndProject
Project("{FAE04EC0-301F-11D3-BF4B-00C04F79EFBC}") = "Get.The.Milk.L1.ObjectActions", "Get.The.Milk.L1.ObjectActions\Get.The.Milk.L1.ObjectActions.csproj", "{3F76D762-4647-4AB3-943D-37E61CE086EC}"
EndProject
Project("{FAE04EC0-301F-11D3-BF4B-00C04F79EFBC}") = "GetTheMilk.LevelBuilder", "GetTheMilk.LevelBuilder\GetTheMilk.LevelBuilder.csproj", "{16D5836C-3EA0-4B27-8029-0F6CECDF93EB}"
EndProject
Project("{FAE04EC0-301F-11D3-BF4B-00C04F79EFBC}") = "GetTheMilk.NewActions.Tests", "GetTheMilk.NewActions.Tests\GetTheMilk.NewActions.Tests.csproj", "{49E68AAF-32D4-40F7-995A-6DDA0D7D51C9}"
EndProject
Global
	GlobalSection(SolutionConfigurationPlatforms) = preSolution
		Debug|Any CPU = Debug|Any CPU
		Debug|Mixed Platforms = Debug|Mixed Platforms
		Debug|x86 = Debug|x86
		Release|Any CPU = Release|Any CPU
		Release|Mixed Platforms = Release|Mixed Platforms
		Release|x86 = Release|x86
	EndGlobalSection
	GlobalSection(ProjectConfigurationPlatforms) = postSolution
		{0F1B4894-F8A9-41F9-861E-3F3F14D87D8F}.Debug|Any CPU.ActiveCfg = Debug|Any CPU
		{0F1B4894-F8A9-41F9-861E-3F3F14D87D8F}.Debug|Any CPU.Build.0 = Debug|Any CPU
		{0F1B4894-F8A9-41F9-861E-3F3F14D87D8F}.Debug|Mixed Platforms.ActiveCfg = Debug|Any CPU
		{0F1B4894-F8A9-41F9-861E-3F3F14D87D8F}.Debug|Mixed Platforms.Build.0 = Debug|Any CPU
		{0F1B4894-F8A9-41F9-861E-3F3F14D87D8F}.Debug|x86.ActiveCfg = Debug|Any CPU
		{0F1B4894-F8A9-41F9-861E-3F3F14D87D8F}.Release|Any CPU.ActiveCfg = Release|Any CPU
		{0F1B4894-F8A9-41F9-861E-3F3F14D87D8F}.Release|Any CPU.Build.0 = Release|Any CPU
		{0F1B4894-F8A9-41F9-861E-3F3F14D87D8F}.Release|Mixed Platforms.ActiveCfg = Release|Any CPU
		{0F1B4894-F8A9-41F9-861E-3F3F14D87D8F}.Release|Mixed Platforms.Build.0 = Release|Any CPU
		{0F1B4894-F8A9-41F9-861E-3F3F14D87D8F}.Release|x86.ActiveCfg = Release|Any CPU
		{2B62DB98-8AA2-49D4-B20B-BC2DB8000F5D}.Debug|Any CPU.ActiveCfg = Debug|Any CPU
		{2B62DB98-8AA2-49D4-B20B-BC2DB8000F5D}.Debug|Any CPU.Build.0 = Debug|Any CPU
		{2B62DB98-8AA2-49D4-B20B-BC2DB8000F5D}.Debug|Mixed Platforms.ActiveCfg = Debug|Any CPU
		{2B62DB98-8AA2-49D4-B20B-BC2DB8000F5D}.Debug|Mixed Platforms.Build.0 = Debug|Any CPU
		{2B62DB98-8AA2-49D4-B20B-BC2DB8000F5D}.Debug|x86.ActiveCfg = Debug|Any CPU
		{2B62DB98-8AA2-49D4-B20B-BC2DB8000F5D}.Release|Any CPU.ActiveCfg = Release|Any CPU
		{2B62DB98-8AA2-49D4-B20B-BC2DB8000F5D}.Release|Any CPU.Build.0 = Release|Any CPU
		{2B62DB98-8AA2-49D4-B20B-BC2DB8000F5D}.Release|Mixed Platforms.ActiveCfg = Release|Any CPU
		{2B62DB98-8AA2-49D4-B20B-BC2DB8000F5D}.Release|Mixed Platforms.Build.0 = Release|Any CPU
		{2B62DB98-8AA2-49D4-B20B-BC2DB8000F5D}.Release|x86.ActiveCfg = Release|Any CPU
		{4D003248-6811-4FF6-925B-204625E71314}.Debug|Any CPU.ActiveCfg = Debug|Any CPU
		{4D003248-6811-4FF6-925B-204625E71314}.Debug|Any CPU.Build.0 = Debug|Any CPU
		{4D003248-6811-4FF6-925B-204625E71314}.Debug|Mixed Platforms.ActiveCfg = Debug|Any CPU
		{4D003248-6811-4FF6-925B-204625E71314}.Debug|Mixed Platforms.Build.0 = Debug|Any CPU
		{4D003248-6811-4FF6-925B-204625E71314}.Debug|x86.ActiveCfg = Debug|Any CPU
		{4D003248-6811-4FF6-925B-204625E71314}.Release|Any CPU.ActiveCfg = Release|Any CPU
		{4D003248-6811-4FF6-925B-204625E71314}.Release|Any CPU.Build.0 = Release|Any CPU
		{4D003248-6811-4FF6-925B-204625E71314}.Release|Mixed Platforms.ActiveCfg = Release|Any CPU
		{4D003248-6811-4FF6-925B-204625E71314}.Release|Mixed Platforms.Build.0 = Release|Any CPU
		{4D003248-6811-4FF6-925B-204625E71314}.Release|x86.ActiveCfg = Release|Any CPU
		{3F76D762-4647-4AB3-943D-37E61CE086EC}.Debug|Any CPU.ActiveCfg = Debug|Any CPU
		{3F76D762-4647-4AB3-943D-37E61CE086EC}.Debug|Any CPU.Build.0 = Debug|Any CPU
		{3F76D762-4647-4AB3-943D-37E61CE086EC}.Debug|Mixed Platforms.ActiveCfg = Debug|Any CPU
		{3F76D762-4647-4AB3-943D-37E61CE086EC}.Debug|Mixed Platforms.Build.0 = Debug|Any CPU
		{3F76D762-4647-4AB3-943D-37E61CE086EC}.Debug|x86.ActiveCfg = Debug|Any CPU
		{3F76D762-4647-4AB3-943D-37E61CE086EC}.Release|Any CPU.ActiveCfg = Release|Any CPU
		{3F76D762-4647-4AB3-943D-37E61CE086EC}.Release|Any CPU.Build.0 = Release|Any CPU
		{3F76D762-4647-4AB3-943D-37E61CE086EC}.Release|Mixed Platforms.ActiveCfg = Release|Any CPU
		{3F76D762-4647-4AB3-943D-37E61CE086EC}.Release|Mixed Platforms.Build.0 = Release|Any CPU
		{3F76D762-4647-4AB3-943D-37E61CE086EC}.Release|x86.ActiveCfg = Release|Any CPU
		{16D5836C-3EA0-4B27-8029-0F6CECDF93EB}.Debug|Any CPU.ActiveCfg = Debug|Any CPU
		{16D5836C-3EA0-4B27-8029-0F6CECDF93EB}.Debug|Any CPU.Build.0 = Debug|Any CPU
		{16D5836C-3EA0-4B27-8029-0F6CECDF93EB}.Debug|Mixed Platforms.ActiveCfg = Debug|Any CPU
		{16D5836C-3EA0-4B27-8029-0F6CECDF93EB}.Debug|Mixed Platforms.Build.0 = Debug|Any CPU
		{16D5836C-3EA0-4B27-8029-0F6CECDF93EB}.Debug|x86.ActiveCfg = Debug|Any CPU
		{16D5836C-3EA0-4B27-8029-0F6CECDF93EB}.Release|Any CPU.ActiveCfg = Release|Any CPU
		{16D5836C-3EA0-4B27-8029-0F6CECDF93EB}.Release|Any CPU.Build.0 = Release|Any CPU
		{16D5836C-3EA0-4B27-8029-0F6CECDF93EB}.Release|Mixed Platforms.ActiveCfg = Release|Any CPU
		{16D5836C-3EA0-4B27-8029-0F6CECDF93EB}.Release|Mixed Platforms.Build.0 = Release|Any CPU
		{16D5836C-3EA0-4B27-8029-0F6CECDF93EB}.Release|x86.ActiveCfg = Release|Any CPU
		{49E68AAF-32D4-40F7-995A-6DDA0D7D51C9}.Debug|Any CPU.ActiveCfg = Debug|Any CPU
		{49E68AAF-32D4-40F7-995A-6DDA0D7D51C9}.Debug|Any CPU.Build.0 = Debug|Any CPU
		{49E68AAF-32D4-40F7-995A-6DDA0D7D51C9}.Debug|Mixed Platforms.ActiveCfg = Debug|Any CPU
		{49E68AAF-32D4-40F7-995A-6DDA0D7D51C9}.Debug|Mixed Platforms.Build.0 = Debug|Any CPU
		{49E68AAF-32D4-40F7-995A-6DDA0D7D51C9}.Debug|x86.ActiveCfg = Debug|Any CPU
		{49E68AAF-32D4-40F7-995A-6DDA0D7D51C9}.Release|Any CPU.ActiveCfg = Release|Any CPU
		{49E68AAF-32D4-40F7-995A-6DDA0D7D51C9}.Release|Any CPU.Build.0 = Release|Any CPU
		{49E68AAF-32D4-40F7-995A-6DDA0D7D51C9}.Release|Mixed Platforms.ActiveCfg = Release|Any CPU
		{49E68AAF-32D4-40F7-995A-6DDA0D7D51C9}.Release|Mixed Platforms.Build.0 = Release|Any CPU
		{49E68AAF-32D4-40F7-995A-6DDA0D7D51C9}.Release|x86.ActiveCfg = Release|Any CPU
	EndGlobalSection
	GlobalSection(SolutionProperties) = preSolution
		HideSolutionNode = FALSE
	EndGlobalSection
EndGlobal
