
Microsoft Visual Studio Solution File, Format Version 12.00
# Visual Studio 2013
VisualStudioVersion = 12.0.30501.0
MinimumVisualStudioVersion = 10.0.40219.1
Project("{FAE04EC0-301F-11D3-BF4B-00C04F79EFBC}") = "GetTheMilk", "GetTheMilk\GetTheMilk.csproj", "{0F1B4894-F8A9-41F9-861E-3F3F14D87D8F}"
EndProject
Project("{2150E333-8FDC-42A3-9474-1A3956D46DE8}") = "Lib", "Lib", "{5A5CF566-DCE3-4BA9-90AA-2546766606DC}"
	ProjectSection(SolutionItems) = preProject
		Lib\Newtonsoft.Json.dll = Lib\Newtonsoft.Json.dll
	EndProjectSection
EndProject
Project("{FAE04EC0-301F-11D3-BF4B-00C04F79EFBC}") = "GetTheMilk.UI.Console", "GetTheMilk.UI.Console\GetTheMilk.UI.Console.csproj", "{4D003248-6811-4FF6-925B-204625E71314}"
EndProject
Project("{FAE04EC0-301F-11D3-BF4B-00C04F79EFBC}") = "Get.The.Milk.L1.ObjectActions", "Get.The.Milk.L1.ObjectActions\Get.The.Milk.L1.ObjectActions.csproj", "{3F76D762-4647-4AB3-943D-37E61CE086EC}"
EndProject
Project("{FAE04EC0-301F-11D3-BF4B-00C04F79EFBC}") = "GetTheMilk.LevelBuilder", "GetTheMilk.LevelBuilder\GetTheMilk.LevelBuilder.csproj", "{16D5836C-3EA0-4B27-8029-0F6CECDF93EB}"
EndProject
Project("{FAE04EC0-301F-11D3-BF4B-00C04F79EFBC}") = "GetTheMilk.NewActions.Tests", "GetTheMilk.NewActions.Tests\GetTheMilk.NewActions.Tests.csproj", "{49E68AAF-32D4-40F7-995A-6DDA0D7D51C9}"
EndProject
Project("{FAE04EC0-301F-11D3-BF4B-00C04F79EFBC}") = "Get.The.Milk.Grui", "Get.The.Milk.Grui\Get.The.Milk.Grui\Get.The.Milk.Grui.csproj", "{A3B82076-A7F5-4439-8DCF-85EABBEA1141}"
EndProject
Project("{FAE04EC0-301F-11D3-BF4B-00C04F79EFBC}") = "Get.The.Milk.GruiContent", "Get.The.Milk.Grui\Get.The.Milk.GruiContent\Get.The.Milk.GruiContent.contentproj", "{4129E048-B1E7-4D66-8D97-E757CCDC5DAD}"
EndProject
Project("{FAE04EC0-301F-11D3-BF4B-00C04F79EFBC}") = "Get.The.Milk.X.Library", "Get.The.Milk.X.Library\Get.The.Milk.X.Library.csproj", "{B7D61791-D6A8-4975-8C8B-F31952822AB2}"
EndProject
Project("{FAE04EC0-301F-11D3-BF4B-00C04F79EFBC}") = "Sciendo.IOC", "Sciendo.IOC\Sciendo.IOC.csproj", "{A88B9C50-7737-4C4C-ABE0-9AA2F4C35F2C}"
EndProject
Project("{FAE04EC0-301F-11D3-BF4B-00C04F79EFBC}") = "Sciendo.IOC.Tests", "Sciendo.IOC.Tests\Sciendo.IOC.Tests.csproj", "{E61A03DB-4CA1-4C81-8713-02943B382ECD}"
EndProject
Project("{FAE04EC0-301F-11D3-BF4B-00C04F79EFBC}") = "Sciendo.IOC.Tests.SampleLib", "Sciendo.IOC.Tests.SampleLib\Sciendo.IOC.Tests.SampleLib.csproj", "{9870E4C4-C2A2-43A6-BC56-70B928F9F5BB}"
EndProject
Project("{FAE04EC0-301F-11D3-BF4B-00C04F79EFBC}") = "Get.The.Milk.UI", "Get.The.Milk.UI\Get.The.Milk.UI.csproj", "{7E92ADDA-6A9E-4E79-827F-474E029DA636}"
EndProject
Global
	GlobalSection(SolutionConfigurationPlatforms) = preSolution
		Debug|Any CPU = Debug|Any CPU
		Debug|Mixed Platforms = Debug|Mixed Platforms
		Debug|x86 = Debug|x86
		Release|Any CPU = Release|Any CPU
		Release|Mixed Platforms = Release|Mixed Platforms
		Release|x86 = Release|x86
	EndGlobalSection
	GlobalSection(ProjectConfigurationPlatforms) = postSolution
		{0F1B4894-F8A9-41F9-861E-3F3F14D87D8F}.Debug|Any CPU.ActiveCfg = Debug|Any CPU
		{0F1B4894-F8A9-41F9-861E-3F3F14D87D8F}.Debug|Any CPU.Build.0 = Debug|Any CPU
		{0F1B4894-F8A9-41F9-861E-3F3F14D87D8F}.Debug|Mixed Platforms.ActiveCfg = Debug|Any CPU
		{0F1B4894-F8A9-41F9-861E-3F3F14D87D8F}.Debug|Mixed Platforms.Build.0 = Debug|Any CPU
		{0F1B4894-F8A9-41F9-861E-3F3F14D87D8F}.Debug|x86.ActiveCfg = Debug|Any CPU
		{0F1B4894-F8A9-41F9-861E-3F3F14D87D8F}.Release|Any CPU.ActiveCfg = Release|Any CPU
		{0F1B4894-F8A9-41F9-861E-3F3F14D87D8F}.Release|Any CPU.Build.0 = Release|Any CPU
		{0F1B4894-F8A9-41F9-861E-3F3F14D87D8F}.Release|Mixed Platforms.ActiveCfg = Release|Any CPU
		{0F1B4894-F8A9-41F9-861E-3F3F14D87D8F}.Release|Mixed Platforms.Build.0 = Release|Any CPU
		{0F1B4894-F8A9-41F9-861E-3F3F14D87D8F}.Release|x86.ActiveCfg = Release|Any CPU
		{4D003248-6811-4FF6-925B-204625E71314}.Debug|Any CPU.ActiveCfg = Debug|Any CPU
		{4D003248-6811-4FF6-925B-204625E71314}.Debug|Any CPU.Build.0 = Debug|Any CPU
		{4D003248-6811-4FF6-925B-204625E71314}.Debug|Mixed Platforms.ActiveCfg = Debug|Any CPU
		{4D003248-6811-4FF6-925B-204625E71314}.Debug|Mixed Platforms.Build.0 = Debug|Any CPU
		{4D003248-6811-4FF6-925B-204625E71314}.Debug|x86.ActiveCfg = Debug|Any CPU
		{4D003248-6811-4FF6-925B-204625E71314}.Release|Any CPU.ActiveCfg = Release|Any CPU
		{4D003248-6811-4FF6-925B-204625E71314}.Release|Any CPU.Build.0 = Release|Any CPU
		{4D003248-6811-4FF6-925B-204625E71314}.Release|Mixed Platforms.ActiveCfg = Release|Any CPU
		{4D003248-6811-4FF6-925B-204625E71314}.Release|Mixed Platforms.Build.0 = Release|Any CPU
		{4D003248-6811-4FF6-925B-204625E71314}.Release|x86.ActiveCfg = Release|Any CPU
		{3F76D762-4647-4AB3-943D-37E61CE086EC}.Debug|Any CPU.ActiveCfg = Debug|Any CPU
		{3F76D762-4647-4AB3-943D-37E61CE086EC}.Debug|Any CPU.Build.0 = Debug|Any CPU
		{3F76D762-4647-4AB3-943D-37E61CE086EC}.Debug|Mixed Platforms.ActiveCfg = Debug|Any CPU
		{3F76D762-4647-4AB3-943D-37E61CE086EC}.Debug|Mixed Platforms.Build.0 = Debug|Any CPU
		{3F76D762-4647-4AB3-943D-37E61CE086EC}.Debug|x86.ActiveCfg = Debug|Any CPU
		{3F76D762-4647-4AB3-943D-37E61CE086EC}.Release|Any CPU.ActiveCfg = Release|Any CPU
		{3F76D762-4647-4AB3-943D-37E61CE086EC}.Release|Any CPU.Build.0 = Release|Any CPU
		{3F76D762-4647-4AB3-943D-37E61CE086EC}.Release|Mixed Platforms.ActiveCfg = Release|Any CPU
		{3F76D762-4647-4AB3-943D-37E61CE086EC}.Release|Mixed Platforms.Build.0 = Release|Any CPU
		{3F76D762-4647-4AB3-943D-37E61CE086EC}.Release|x86.ActiveCfg = Release|Any CPU
		{16D5836C-3EA0-4B27-8029-0F6CECDF93EB}.Debug|Any CPU.ActiveCfg = Debug|Any CPU
		{16D5836C-3EA0-4B27-8029-0F6CECDF93EB}.Debug|Any CPU.Build.0 = Debug|Any CPU
		{16D5836C-3EA0-4B27-8029-0F6CECDF93EB}.Debug|Mixed Platforms.ActiveCfg = Debug|Any CPU
		{16D5836C-3EA0-4B27-8029-0F6CECDF93EB}.Debug|Mixed Platforms.Build.0 = Debug|Any CPU
		{16D5836C-3EA0-4B27-8029-0F6CECDF93EB}.Debug|x86.ActiveCfg = Debug|Any CPU
		{16D5836C-3EA0-4B27-8029-0F6CECDF93EB}.Release|Any CPU.ActiveCfg = Release|Any CPU
		{16D5836C-3EA0-4B27-8029-0F6CECDF93EB}.Release|Any CPU.Build.0 = Release|Any CPU
		{16D5836C-3EA0-4B27-8029-0F6CECDF93EB}.Release|Mixed Platforms.ActiveCfg = Release|Any CPU
		{16D5836C-3EA0-4B27-8029-0F6CECDF93EB}.Release|Mixed Platforms.Build.0 = Release|Any CPU
		{16D5836C-3EA0-4B27-8029-0F6CECDF93EB}.Release|x86.ActiveCfg = Release|Any CPU
		{49E68AAF-32D4-40F7-995A-6DDA0D7D51C9}.Debug|Any CPU.ActiveCfg = Debug|Any CPU
		{49E68AAF-32D4-40F7-995A-6DDA0D7D51C9}.Debug|Any CPU.Build.0 = Debug|Any CPU
		{49E68AAF-32D4-40F7-995A-6DDA0D7D51C9}.Debug|Mixed Platforms.ActiveCfg = Debug|Any CPU
		{49E68AAF-32D4-40F7-995A-6DDA0D7D51C9}.Debug|Mixed Platforms.Build.0 = Debug|Any CPU
		{49E68AAF-32D4-40F7-995A-6DDA0D7D51C9}.Debug|x86.ActiveCfg = Debug|Any CPU
		{49E68AAF-32D4-40F7-995A-6DDA0D7D51C9}.Release|Any CPU.ActiveCfg = Release|Any CPU
		{49E68AAF-32D4-40F7-995A-6DDA0D7D51C9}.Release|Any CPU.Build.0 = Release|Any CPU
		{49E68AAF-32D4-40F7-995A-6DDA0D7D51C9}.Release|Mixed Platforms.ActiveCfg = Release|Any CPU
		{49E68AAF-32D4-40F7-995A-6DDA0D7D51C9}.Release|Mixed Platforms.Build.0 = Release|Any CPU
		{49E68AAF-32D4-40F7-995A-6DDA0D7D51C9}.Release|x86.ActiveCfg = Release|Any CPU
		{A3B82076-A7F5-4439-8DCF-85EABBEA1141}.Debug|Any CPU.ActiveCfg = Debug|x86
		{A3B82076-A7F5-4439-8DCF-85EABBEA1141}.Debug|Mixed Platforms.ActiveCfg = Debug|x86
		{A3B82076-A7F5-4439-8DCF-85EABBEA1141}.Debug|Mixed Platforms.Build.0 = Debug|x86
		{A3B82076-A7F5-4439-8DCF-85EABBEA1141}.Debug|x86.ActiveCfg = Debug|x86
		{A3B82076-A7F5-4439-8DCF-85EABBEA1141}.Debug|x86.Build.0 = Debug|x86
		{A3B82076-A7F5-4439-8DCF-85EABBEA1141}.Release|Any CPU.ActiveCfg = Release|x86
		{A3B82076-A7F5-4439-8DCF-85EABBEA1141}.Release|Mixed Platforms.ActiveCfg = Release|x86
		{A3B82076-A7F5-4439-8DCF-85EABBEA1141}.Release|Mixed Platforms.Build.0 = Release|x86
		{A3B82076-A7F5-4439-8DCF-85EABBEA1141}.Release|x86.ActiveCfg = Release|x86
		{A3B82076-A7F5-4439-8DCF-85EABBEA1141}.Release|x86.Build.0 = Release|x86
		{4129E048-B1E7-4D66-8D97-E757CCDC5DAD}.Debug|Any CPU.ActiveCfg = Debug|x86
		{4129E048-B1E7-4D66-8D97-E757CCDC5DAD}.Debug|Mixed Platforms.ActiveCfg = Debug|x86
		{4129E048-B1E7-4D66-8D97-E757CCDC5DAD}.Debug|x86.ActiveCfg = Debug|x86
		{4129E048-B1E7-4D66-8D97-E757CCDC5DAD}.Release|Any CPU.ActiveCfg = Release|x86
		{4129E048-B1E7-4D66-8D97-E757CCDC5DAD}.Release|Mixed Platforms.ActiveCfg = Release|x86
		{4129E048-B1E7-4D66-8D97-E757CCDC5DAD}.Release|x86.ActiveCfg = Release|x86
		{B7D61791-D6A8-4975-8C8B-F31952822AB2}.Debug|Any CPU.ActiveCfg = Debug|x86
		{B7D61791-D6A8-4975-8C8B-F31952822AB2}.Debug|Mixed Platforms.ActiveCfg = Debug|x86
		{B7D61791-D6A8-4975-8C8B-F31952822AB2}.Debug|Mixed Platforms.Build.0 = Debug|x86
		{B7D61791-D6A8-4975-8C8B-F31952822AB2}.Debug|x86.ActiveCfg = Debug|x86
		{B7D61791-D6A8-4975-8C8B-F31952822AB2}.Debug|x86.Build.0 = Debug|x86
		{B7D61791-D6A8-4975-8C8B-F31952822AB2}.Release|Any CPU.ActiveCfg = Release|x86
		{B7D61791-D6A8-4975-8C8B-F31952822AB2}.Release|Mixed Platforms.ActiveCfg = Release|x86
		{B7D61791-D6A8-4975-8C8B-F31952822AB2}.Release|Mixed Platforms.Build.0 = Release|x86
		{B7D61791-D6A8-4975-8C8B-F31952822AB2}.Release|x86.ActiveCfg = Release|x86
		{B7D61791-D6A8-4975-8C8B-F31952822AB2}.Release|x86.Build.0 = Release|x86
		{A88B9C50-7737-4C4C-ABE0-9AA2F4C35F2C}.Debug|Any CPU.ActiveCfg = Debug|Any CPU
		{A88B9C50-7737-4C4C-ABE0-9AA2F4C35F2C}.Debug|Any CPU.Build.0 = Debug|Any CPU
		{A88B9C50-7737-4C4C-ABE0-9AA2F4C35F2C}.Debug|Mixed Platforms.ActiveCfg = Debug|Any CPU
		{A88B9C50-7737-4C4C-ABE0-9AA2F4C35F2C}.Debug|Mixed Platforms.Build.0 = Debug|Any CPU
		{A88B9C50-7737-4C4C-ABE0-9AA2F4C35F2C}.Debug|x86.ActiveCfg = Debug|Any CPU
		{A88B9C50-7737-4C4C-ABE0-9AA2F4C35F2C}.Release|Any CPU.ActiveCfg = Release|Any CPU
		{A88B9C50-7737-4C4C-ABE0-9AA2F4C35F2C}.Release|Any CPU.Build.0 = Release|Any CPU
		{A88B9C50-7737-4C4C-ABE0-9AA2F4C35F2C}.Release|Mixed Platforms.ActiveCfg = Release|Any CPU
		{A88B9C50-7737-4C4C-ABE0-9AA2F4C35F2C}.Release|Mixed Platforms.Build.0 = Release|Any CPU
		{A88B9C50-7737-4C4C-ABE0-9AA2F4C35F2C}.Release|x86.ActiveCfg = Release|Any CPU
		{E61A03DB-4CA1-4C81-8713-02943B382ECD}.Debug|Any CPU.ActiveCfg = Debug|Any CPU
		{E61A03DB-4CA1-4C81-8713-02943B382ECD}.Debug|Any CPU.Build.0 = Debug|Any CPU
		{E61A03DB-4CA1-4C81-8713-02943B382ECD}.Debug|Mixed Platforms.ActiveCfg = Debug|Any CPU
		{E61A03DB-4CA1-4C81-8713-02943B382ECD}.Debug|Mixed Platforms.Build.0 = Debug|Any CPU
		{E61A03DB-4CA1-4C81-8713-02943B382ECD}.Debug|x86.ActiveCfg = Debug|Any CPU
		{E61A03DB-4CA1-4C81-8713-02943B382ECD}.Release|Any CPU.ActiveCfg = Release|Any CPU
		{E61A03DB-4CA1-4C81-8713-02943B382ECD}.Release|Any CPU.Build.0 = Release|Any CPU
		{E61A03DB-4CA1-4C81-8713-02943B382ECD}.Release|Mixed Platforms.ActiveCfg = Release|Any CPU
		{E61A03DB-4CA1-4C81-8713-02943B382ECD}.Release|Mixed Platforms.Build.0 = Release|Any CPU
		{E61A03DB-4CA1-4C81-8713-02943B382ECD}.Release|x86.ActiveCfg = Release|Any CPU
		{9870E4C4-C2A2-43A6-BC56-70B928F9F5BB}.Debug|Any CPU.ActiveCfg = Debug|Any CPU
		{9870E4C4-C2A2-43A6-BC56-70B928F9F5BB}.Debug|Any CPU.Build.0 = Debug|Any CPU
		{9870E4C4-C2A2-43A6-BC56-70B928F9F5BB}.Debug|Mixed Platforms.ActiveCfg = Debug|Any CPU
		{9870E4C4-C2A2-43A6-BC56-70B928F9F5BB}.Debug|Mixed Platforms.Build.0 = Debug|Any CPU
		{9870E4C4-C2A2-43A6-BC56-70B928F9F5BB}.Debug|x86.ActiveCfg = Debug|Any CPU
		{9870E4C4-C2A2-43A6-BC56-70B928F9F5BB}.Release|Any CPU.ActiveCfg = Release|Any CPU
		{9870E4C4-C2A2-43A6-BC56-70B928F9F5BB}.Release|Any CPU.Build.0 = Release|Any CPU
		{9870E4C4-C2A2-43A6-BC56-70B928F9F5BB}.Release|Mixed Platforms.ActiveCfg = Release|Any CPU
		{9870E4C4-C2A2-43A6-BC56-70B928F9F5BB}.Release|Mixed Platforms.Build.0 = Release|Any CPU
		{9870E4C4-C2A2-43A6-BC56-70B928F9F5BB}.Release|x86.ActiveCfg = Release|Any CPU
		{7E92ADDA-6A9E-4E79-827F-474E029DA636}.Debug|Any CPU.ActiveCfg = Debug|Any CPU
		{7E92ADDA-6A9E-4E79-827F-474E029DA636}.Debug|Any CPU.Build.0 = Debug|Any CPU
		{7E92ADDA-6A9E-4E79-827F-474E029DA636}.Debug|Mixed Platforms.ActiveCfg = Debug|Any CPU
		{7E92ADDA-6A9E-4E79-827F-474E029DA636}.Debug|Mixed Platforms.Build.0 = Debug|Any CPU
		{7E92ADDA-6A9E-4E79-827F-474E029DA636}.Debug|x86.ActiveCfg = Debug|Any CPU
		{7E92ADDA-6A9E-4E79-827F-474E029DA636}.Release|Any CPU.ActiveCfg = Release|Any CPU
		{7E92ADDA-6A9E-4E79-827F-474E029DA636}.Release|Any CPU.Build.0 = Release|Any CPU
		{7E92ADDA-6A9E-4E79-827F-474E029DA636}.Release|Mixed Platforms.ActiveCfg = Release|Any CPU
		{7E92ADDA-6A9E-4E79-827F-474E029DA636}.Release|Mixed Platforms.Build.0 = Release|Any CPU
		{7E92ADDA-6A9E-4E79-827F-474E029DA636}.Release|x86.ActiveCfg = Release|Any CPU
	EndGlobalSection
	GlobalSection(SolutionProperties) = preSolution
		HideSolutionNode = FALSE
	EndGlobalSection
EndGlobal
